
Microsoft Visual Studio Solution File, Format Version 12.00
# Visual Studio Version 16
VisualStudioVersion = 16.0.30002.166
MinimumVisualStudioVersion = 10.0.40219.1
Project("{FAE04EC0-301F-11D3-BF4B-00C04F79EFBC}") = "KURSOVA_24", "KURSOVA_24\KURSOVA_24.csproj", "{91CB5EF4-A6F5-45AA-A7FC-49C11AE81AF7}"
EndProject
Project("{2150E333-8FDC-42A3-9474-1A3956D46DE8}") = "Solution Items", "Solution Items", "{0924738D-29C7-435E-8611-2678329DF7B9}"
EndProject
Global
	GlobalSection(SolutionConfigurationPlatforms) = preSolution
		Debug|Any CPU = Debug|Any CPU
		Release|Any CPU = Release|Any CPU
	EndGlobalSection
	GlobalSection(ProjectConfigurationPlatforms) = postSolution
		{91CB5EF4-A6F5-45AA-A7FC-49C11AE81AF7}.Debug|Any CPU.ActiveCfg = Debug|Any CPU
		{91CB5EF4-A6F5-45AA-A7FC-49C11AE81AF7}.Debug|Any CPU.Build.0 = Debug|Any CPU
		{91CB5EF4-A6F5-45AA-A7FC-49C11AE81AF7}.Release|Any CPU.ActiveCfg = Release|Any CPU
		{91CB5EF4-A6F5-45AA-A7FC-49C11AE81AF7}.Release|Any CPU.Build.0 = Release|Any CPU
	EndGlobalSection
	GlobalSection(SolutionProperties) = preSolution
		HideSolutionNode = FALSE
	EndGlobalSection
	GlobalSection(ExtensibilityGlobals) = postSolution
		SolutionGuid = {81052541-7573-484D-BFDE-D41E04E2125C}
	EndGlobalSection
EndGlobal
